{
  "version": 1,
  "dependencies": {
    "net10.0-windows7.0": {
      "DailyRoutines.CodeAnalysis": {
        "type": "Direct",
        "requested": "[2.3.0, )",
        "resolved": "2.3.0",
        "contentHash": "kM5tXWU3mOdBRUy5P2ENSwobFn1mRa4bUaUY7aRmDNysWsjofEcAFyKPJP5qyevBr+PKHq9OVMYCxREnnLpotg=="
      },
      "DotNet.ReproducibleBuilds": {
        "type": "Direct",
        "requested": "[1.2.39, )",
        "resolved": "1.2.39",
        "contentHash": "fcFN01tDTIQqDuTwr1jUQK/geofiwjG5DycJQOnC72i1SsLAk1ELe+apBOuZ11UMQG8YKFZG1FgvjZPbqHyatg=="
      },
      "GuerrillaNtp": {
        "type": "Direct",
        "requested": "[3.1.0, )",
        "resolved": "3.1.0",
        "contentHash": "KebM3/iZtZWgeFuGTQJyWu+VQKAeq1xXY9bkSSDv27hALxDtSdJAfPnT8dWpl7ti2B3ajnMj70/VLXY4D3bupg=="
      },
      "TinyPinyin": {
        "type": "Direct",
        "requested": "[1.1.0, )",
        "resolved": "1.1.0",
        "contentHash": "pwe99NXsWkSeJdOwzcweorlyoB2frOlTU37QwzmnnxfRT5vRENXm4UOl5g4Nxq5V9lYOBWK1mZIozFfIlDVjYA=="
      }
    }
  }
}