{
  "version": 1,
  "dependencies": {
    "net10.0-windows7.0": {
      "DailyRoutines.CodeAnalysis": {
        "type": "Direct",
        "requested": "[2.2.0, )",
        "resolved": "2.2.0",
        "contentHash": "pteNCd/UswooUMCu7O4VRt0wac8TpPCmoBBXCggt3rU5QhG2Y9ITCQ1kvn11gFOk4KKcHgxQx8BwfBUhIdIBVA=="
      },
      "DotNet.ReproducibleBuilds": {
        "type": "Direct",
        "requested": "[1.2.39, )",
        "resolved": "1.2.39",
        "contentHash": "fcFN01tDTIQqDuTwr1jUQK/geofiwjG5DycJQOnC72i1SsLAk1ELe+apBOuZ11UMQG8YKFZG1FgvjZPbqHyatg=="
      },
      "TinyPinyin": {
        "type": "Direct",
        "requested": "[1.1.0, )",
        "resolved": "1.1.0",
        "contentHash": "pwe99NXsWkSeJdOwzcweorlyoB2frOlTU37QwzmnnxfRT5vRENXm4UOl5g4Nxq5V9lYOBWK1mZIozFfIlDVjYA=="
      }
    }
  }
}